
Microsoft Visual Studio Solution File, Format Version 12.00
# Visual Studio Version 16
VisualStudioVersion = 16.0.28803.916
MinimumVisualStudioVersion = 10.0.40219.1
Project("{FAE04EC0-301F-11D3-BF4B-00C04F79EFBC}") = "Calc_DistPt_3", "Calc_DistPt_3.csproj", "{2DA51B1E-85E0-4B68-A374-14E2C2C344D2}"
EndProject
Global
	GlobalSection(SolutionConfigurationPlatforms) = preSolution
		Debug|Any CPU = Debug|Any CPU
		Release|Any CPU = Release|Any CPU
	EndGlobalSection
	GlobalSection(ProjectConfigurationPlatforms) = postSolution
		{2DA51B1E-85E0-4B68-A374-14E2C2C344D2}.Debug|Any CPU.ActiveCfg = Debug|Any CPU
		{2DA51B1E-85E0-4B68-A374-14E2C2C344D2}.Debug|Any CPU.Build.0 = Debug|Any CPU
		{2DA51B1E-85E0-4B68-A374-14E2C2C344D2}.Release|Any CPU.ActiveCfg = Release|Any CPU
		{2DA51B1E-85E0-4B68-A374-14E2C2C344D2}.Release|Any CPU.Build.0 = Release|Any CPU
	EndGlobalSection
	GlobalSection(SolutionProperties) = preSolution
		HideSolutionNode = FALSE
	EndGlobalSection
	GlobalSection(ExtensibilityGlobals) = postSolution
		SolutionGuid = {ADCA30BA-5F8D-44DB-BA8A-1D2B943035DA}
	EndGlobalSection
EndGlobal
